dependencies:
- name: prowlarr
  repository: file://../prowlarr
  version: 0.1.0
- name: sonarr
  repository: file://../sonarr
  version: 0.1.2
- name: radarr
  repository: file://../radarr
  version: 0.1.6
- name: ombi
  repository: file://../ombi
  version: 0.1.1
digest: sha256:a336762a8d89d0ff239b062941d5f23cc91153e721d6f3af58822a4ac16a269d
generated: "2024-06-16T02:22:07.806502+02:00"
