dependencies:
- name: prowlarr
  repository: file://../prowlarr
  version: 0.1.2
- name: sonarr
  repository: file://../sonarr
  version: 0.1.5
- name: radarr
  repository: file://../radarr
  version: 0.1.9
- name: ombi
  repository: file://../ombi
  version: 0.1.2
digest: sha256:dd03ddbd4aabc942989a2912f52cbc3c8ca5263988ca238892863eae649d4d66
generated: "2024-07-20T17:19:50.437954+02:00"
